
Microsoft Visual Studio Solution File, Format Version 12.00
# Visual Studio Version 17
VisualStudioVersion = 17.10.35013.160
MinimumVisualStudioVersion = 10.0.40219.1
Project("{FAE04EC0-301F-11D3-BF4B-00C04F79EFBC}") = "Topic 1 the basics!!!", "Topic 1 the basics!!!\Topic 1 the basics!!!.csproj", "{A3386840-4F24-42DE-B7F3-41FE0E281039}"
EndProject
Global
	GlobalSection(SolutionConfigurationPlatforms) = preSolution
		Debug|Any CPU = Debug|Any CPU
		Release|Any CPU = Release|Any CPU
	EndGlobalSection
	GlobalSection(ProjectConfigurationPlatforms) = postSolution
		{A3386840-4F24-42DE-B7F3-41FE0E281039}.Debug|Any CPU.ActiveCfg = Debug|Any CPU
		{A3386840-4F24-42DE-B7F3-41FE0E281039}.Debug|Any CPU.Build.0 = Debug|Any CPU
		{A3386840-4F24-42DE-B7F3-41FE0E281039}.Release|Any CPU.ActiveCfg = Release|Any CPU
		{A3386840-4F24-42DE-B7F3-41FE0E281039}.Release|Any CPU.Build.0 = Release|Any CPU
	EndGlobalSection
	GlobalSection(SolutionProperties) = preSolution
		HideSolutionNode = FALSE
	EndGlobalSection
	GlobalSection(ExtensibilityGlobals) = postSolution
		SolutionGuid = {1991C446-C8F6-492A-972B-A0204B47224B}
	EndGlobalSection
EndGlobal
